{
  "version": "7.0",
  "file_count": 258,
  "files": {
    "SOUL.md": "6176b461b69f96fe7f5339dc2d6faf4901130dc39ac572eca09dbbb5150ab9fb",
    "TIME.md": "6c2fc0480e3cf6b02157efaf6e56ac312a452fe92f82fc10fba05af025e7e8f2",
    "CHANGELOG.md": "a84388ca0e285ddf27cf00365c856417463937f21f91ffd6a291abe862ada3ce",
    "AGENTS.md": "6567a95ea85a39d247de6a739ffb96c1853b3b5eea9a3c8ba18e5c073092edfd",
    "MEMORY.md": "6bc0398257c8cf70fbe51c102ac3f4b273464265f236ac84b5a3c3275b713503",
    "INDEX.md": "f8df75d6d477bfab199f6d58c6878f74fa8cbf332b2f3cc6030feef2a47f9dba",
    "CONTRIBUTORS.md": "3de82c21de3e4a3c15d50a19ff1fe2214236644e969d0bdf51747bd5b09b46c7",
    "HEARTBEAT.md": "50c4a2e8f0dd85d27021fda52083df31a28511d55d191815397a1cdd2e7f5c4c",
    "STANDARD.md": "9782354749856349d446550302476320716b3a5689e5e4ac9842aaa9d6ba7127",
    "README.md": "e3d880ed896eddd528ee5bc98b2c8631be38b2d6a5d67b454829adab25c9fc0b",
    "REVIEW.md": "c36c177353d39d10b2056c009a07553b86abcb665466371d72bb53b2a89449a3",
    "TOOLS.md": "b943a5805b92a8b940143164c30a71effec84076a82aa90ee50ee8b81eaaa760",
    "panduan.md": "135018ae79aa7d26738b7e2b570a9965d795f4a966f3252306d89625a337f624",
    "IDENTITY.md": "029ea7671e06f6fd03f3ae93ff9897b45cbfc4ba546e2057a5badcb5ad1b0749",
    "USER.md": "1fab01b0f05c3e046f88bf4a365ed48f9d0774084bfd3999f664b48604175a72",
    "DEPLOY.md": "88e3f9202ea266c28453052b3d0104057f044945bbe715f42918b2081023611e",
    "hermes-bridge/README.md": "8a953df154c19ed070aa0a38519331341321aeb2deb428440ff1d083c9e99b4a",
    "skills/sk50.md": "56b8732dd807b361a1d507848999be37a57bb5eb0d84c8df557c82e606da59ec",
    "skills/m32.md": "cd0d8cfa6a80562a9ba0342828c2d90ee9d8533e49b83d432762fb82992a6b6b",
    "skills/sk19.md": "8698b6c6d052642ff1cbf99c45c93e015ae7b946acc479e9ece3720274948c86",
    "skills/m48.md": "08bf2e583b84334a5a57bf3e1d17fe21b9de71e55f136dff0336e4f64f2382c6",
    "skills/sk37.md": "8605df2be52038db4ac3bf9d393ab8d5772c528e80008cfe8a7423caab60fafa",
    "skills/m3.md": "97a1ae9b17cddd1c144649df003318995a3b3012aaedbab57221515feda94e02",
    "skills/sk17.md": "c08d85bd1fa0cc351bb319d5511dc19936ff91283de81b65dfd81cc1cca67307",
    "skills/sk57.md": "81d94948619a513b6a9f22540ab9e32303b8ddb66862bd8b56511897305f24d6",
    "skills/sk33.md": "5efc7c9b0306baf7e320f8bba64af25d08098d7c2915a3e4daab1831d280260b",
    "skills/sk49.md": "69574f184bf20ff8dd9d0682ee3da9ebaf294ed2f2e3e24a11332d59621a2b90",
    "skills/sk21.md": "8d3a7b914d0069bd639f276210b0fef7a2df0b40d31c37339b712120649e5165",
    "skills/sk51.md": "a4a68f0f8059e2da602331a9cf9404e0943dcd385dac8cf36fa756849258b743",
    "skills/sk28.md": "7c5f5ad6e82f3719a462b53bf353f13e8c40a7c67a82732dc62880e69cb3305c",
    "skills/sk44.md": "d8cd8757c5fae378e2d628d4d4e95b19275819499cbd42868c85dd0b4d8a58f8",
    "skills/x7.md": "200170d510a4d22b19e3fbbcd010b7ac6466c6eeb791030318a415b249a09b12",
    "skills/sk53.md": "1081ebc46527203c69e43d67c2be46b425582e27984e0c8101b17127a8fd15c4",
    "skills/sk54.md": "9a97cda89c3a30c7cfad4570b58d44cf29a89697f89179fee0b817031faa9c0e",
    "skills/sk23.md": "3d16773d836721af723d19c72331faaa2181ea002581ea63c814dc4e0a99de72",
    "skills/sk22.md": "fc67b9857cb600490bd4df8de68cda006b9162ca31704ed23381c8289f9d7830",
    "skills/sk38.md": "2d94c9e832a75ca575845a592f2091c649d1ee5aec71da38b57dee4b121864a8",
    "skills/sk42.md": "f9a8b32caf36884368f93b42743199e1907b940b0caffb2b58064676b6d218c8",
    "skills/sk52.md": "c812a57ebe67def6ea400d424c02adb6581518d1f57a5a756156ba87ced24cca",
    "skills/sk29.md": "62a9acae5da0089a672dc55a7ca02d5c41d3b67b89c972420de556a21daace10",
    "skills/m43.md": "62802acf5331d0c1d21c0ee8be1b66bb18c13d973610379db303d0efad8bd996",
    "skills/sk30.md": "503410df426b03862ec0966346357d4c77545b9b15a2103babff07087af034b1",
    "skills/sk40.md": "2c9ec444ea73cb5810b4726c031054f739670a6bcd89bb228d82d90e401d82cc",
    "skills/x3.md": "19e4952a95e6ff5c604aff8915db6c7c992ae399b5a5432595644c411631c5e6",
    "skills/sk3.md": "20334a14951e2a1278bd17fedaf7be1f5b19f83a2ac9e6b5673272f1006b19ad",
    "skills/sk8.md": "8baf0a29ac5b4060c6c7ec4ac7ce0e9e8507fb08897f98f863e447e9cffebff4",
    "skills/sk55.md": "ebdce55556d8b3be0493848fdd94d7b98cef6985da01a804d8b97b96151674be",
    "skills/sk18.md": "d7a471f455bfc2c39e0f56289f37347df9b76156bcbf9beac25ede93a9fe7453",
    "skills/sk26.md": "7c6f7424605e21085d4a5c159aeea9eea0c060a7d356dcba8ab816b265d1ae00",
    "skills/sk14.md": "cf78d6a6028bdbcccf63343807c01279816da7406025963117745894042d3166",
    "skills/sk48.md": "446090a859f21a4c3bd57d5b6fea62ab949388dac339f28dc67ecd1d5b694a67",
    "skills/sk35.md": "dcfc667fe6e8bb0d8b08ec8f561969cd6610c04d5754a5777980f2d6d1bcae1e",
    "skills/sk9.md": "d16a8b676f617bd270fc268e95e728cdd2f4593a84f4daeec8d784a72bcd2fe1",
    "skills/sk12.md": "6621a122b4dc4d57fcc9251b7308f681ed6e9c4c494a0d7dc93d74f266dd53fc",
    "skills/sk56.md": "f0b8e6f36b1aa3663c9c17bf956b5ac93520ce8f6ec0e0264c9a6698f3c4a576",
    "skills/sk31.md": "284c6fa07e702edb05c903f12bbca528a537847e1ce187f4811eb0517b3ef6b7",
    "skills/m47.md": "86212030f7ec62eb48581ebba9cb5b9e214c95dd9d8dc2f21e46647231090a88",
    "skills/sk39.md": "7ed13b23bc6452aa8fac47c77af50612ae3729dc316540112f1e42b47fda1a77",
    "skills/m27.md": "adf9b64477a92ab18b0b9ad23f3e4e1fccfb9f60a4d49335e152dbbc69c777fa",
    "skills/sk2.md": "68760d0238972d8116aeeae190ef745204ca1f5bc24540319bd3c8c3e0fbb668",
    "skills/m46.md": "a46afb14a12c37002cf799704d20f254c356359c1b0d1c4e7edc1dcb33cd87d6",
    "skills/sk45.md": "a7af5adedfa6f81c738b36fbc3cbb07eaf9e7c3a5dd6f54618cb31b17399aaa4",
    "skills/sk58.md": "06e3f59c54b0336f9f60568da75cef578f20315530b012807f7026e949c049c4",
    "skills/sk34.md": "415a3936a9b139138a362f43e7a0d4dc29db1b3d20ccb56787cd4bc8dcd85da9",
    "skills/sk4.md": "944f71a47ab1ff18ccc0a09b0f03b777cf771bad804c1b06a77c4dcf4f25663b",
    "skills/sk13.md": "d098f2f6ffa3a187b3138a99155148fb4c7f6c17fb32fc8237e14b5990d202d2",
    "skills/sk11.md": "68907bb77149f136fef1b9acacbea2f0753aebdd37f0ce1e89bb4167e278c924",
    "skills/m29.md": "ab085959cf5de853775a2f2fa4f3ef82ff464573a0ce9e242e89e8230b430a67",
    "skills/m28.md": "989e38d8022cb92225e3568fb309605377dac79095ff86539e189ca707990f94",
    "skills/x1.md": "ce04fc77f1590ce83d27484ddc3cb97ecf53e711eef61dc96517ed018edc4d4f",
    "skills/sk10.md": "62ea86bfb49f6a2f4ffaa87347be9d7328f773793de7eef8cdfc0ffa06341ec1",
    "skills/sk27.md": "964ce83c5946a7f4a4feb92440bf3565d55820de99e17a8e429d7ed4d2f3541d",
    "skills/sk1.md": "856993ffc817d14c904c95c95a7a5e2427666956d8dab3943c16ecafef73ec6f",
    "skills/x2.md": "709dc07b769f5098daf6b9472ffbacf8efd24cf1a6341142b5f469141d64f36a",
    "skills/sk7.md": "24fb513a5889befe1fecd1c5b17256cd87cd63085174a66f58736bc7db058709",
    "skills/x4.md": "5883cb691b34a4bf7b007bbef31cba8cb52bb14197a697b964fd99281c32ea05",
    "skills/sk15.md": "702ad7d4b038212eba5ffc481f720db8d3ab5bce0f219d4a76277c63801cf850",
    "skills/sk0.md": "3e89569faad74f03b575a539e7f9bb13985379665916e46d95fc5d1949db2343",
    "skills/sk24.md": "b27aef289c712b0d74d2d14c9c258b1d7cc35a9cfea1be109d0baeb39311bebd",
    "skills/m15.md": "74aedc42f8cc5623f286747fbb9cd1c8b5b4d05e5355d64e29bed92dc7f3b442",
    "skills/m0.md": "4c2ce6bf01496ce21942a3d1efba4e6c066a8cf1e4e0c0ae48ee929663250611",
    "skills/sk20.md": "14279af0c2fb5ca5d44d9fb418aa278111e4bb0313d7f97f1a56cc99db8b5ac8",
    "skills/sk36.md": "a520ca25818d24a5cc441951998494ef9de5b292d3bae51d3f58aceeb6ecb390",
    "skills/sk46.md": "c0704b91cef400627e14f1e75722ba6b3b063a5653e6d622720d301ae6256b1b",
    "skills/sk59.md": "04e332beb91269b2e738f466cecf0aaf7f90063626b4ca17b0ed156d283ed4ab",
    "skills/sk25.md": "f2baafd7f346e4593b132090b984c0bae94f5ed240cef5fb919d72e618054c82",
    "skills/sk5.md": "fdd0f3c383f09fb679f8ea22564110f415b0bfc710a3c8ab64ca989e8b0c0ec1",
    "skills/x5.md": "5f5e725e6b2a34797e2b69ddc2260eebd3f7fea1c339dd6ef5e6039e5280ab1a",
    "skills/m14.md": "f2ebdc11a761159a3b7de67eb044b9799c9d3852746673972a672617e0b70c43",
    "skills/sk32.md": "97b8cff01bf46507fb8cbe5bdc7f750a9f247d22241f1a05badc27f32ee407a0",
    "skills/sk43.md": "3839e9b6a8be265b4e16f19758625a00b3695088382bd24a74592f67511b7b0e",
    "skills/m45.md": "9cdfd0d681834b38aea28c64bfb728ba35b329235db64f7cd6f6a6e5d28f9942",
    "skills/sk6.md": "ad4e44055451d6fb74ef913696acfeea283bbf915cef1e835b028c4f81c3474f",
    "skills/sk16.md": "3ac7c06a8703124899a556ea5a262c4d965f6b855d77321ac3ca059d581e797e",
    "skills/sk41.md": "127723b0e9c6e69ac29cabdb5054dfc8a65b25fe15120da26462bfa91af729f7",
    "skills/sk47.md": "6f091e9e53e97e5e523a6161757405da6adb2fc279bead791168f45947b1f324",
    "skills/x6.md": "805a3594b696ea6016035d4bf536141d583ab37e3ae546008bbec6b813daf2de",
    "skills/m44.md": "2fbb952a178387f03258737307777d46d32c2a97c5f993ca8cb58abe079ef42d",
    "memory/2026-05.md": "4f505aeca8c85c20c639589e064d801b19eba40e914a179b2163c39a824417ff",
    "tools/ctf/README.md": "6c98170e7cc04bef71383e9c90f10048fcd4111f70439dc7b6c7e863843f2af2",
    "skills/hermes/SKILL.md": "8035c03761bcf97a0d9ddd5bee7022711f99153a525a4ebf008df9935518977d",
    "skills/hermes/README.md": "f7a7cfe53a405f29e66021bd5a4b8f66ba01cc68b00654f7fceb2c35a3f3d139",
    "skills/hermes/DISPATCH.md": "07a504fbf348c9d6ebd3b17dd8063f6fe989c3b8acb65963ef4437ce983c1460",
    "skills/hermes/references/swap.md": "6f20e838141cee1b2baec87dcfd22fc2ffc45e9609e7121868ed740041f22890",
    "skills/hermes/references/airdrop_automation.md": "0382cfa2671189447f5b28e886e377dc9e1adc6180402ca3ba9f998f6b44f1fb",
    "skills/hermes/references/sniping.md": "68c298e03df548dadf15b1505c09940baa18d005a8637251b39ccc7427e10e34",
    "skills/hermes/references/contract_read.md": "ecc1f6df93c3bff188030860b7810ddc09846bb2477cfb5586d2a208e697332f",
    "skills/hermes/references/bridge.md": "938d18c73babf02b9a2672130a91e57de4fa4c47a9180ef869f41b2752c72e73",
    "skills/hermes/references/security.md": "fa0e06bb0009985501b61dbfd90a3ded1897f3a40f2f85210694b088de601fe1",
    "skills/hermes/references/contract_write.md": "f54b16de8ca5cded9ccac4fa6ac010fa912cd167ce247028ee945b8840e92a8a",
    "skills/hermes/references/governor.md": "ffd9f713223174d1c271e8607af4854b888530cb5455886644f5b727e25b7aef",
    "skills/hermes/references/web3_connect.md": "0e788b39611c84c6c917ea4a1e23dbbc4e1b2fb22ab71f4be31a59d650dafcae",
    "skills/hermes/references/browser.md": "d60c100cd772f009573d98bfd29e851d9684c42a34c93ba1b73f9507b6864006",
    "skills/hermes/references/nft.md": "f5674e8a481a716315cf41c292c5ff041306cc412180e30940dd7d004f4d003a",
    "skills/hermes/references/deploy.md": "3f9cfaa2c4acb6c8d6e05644e23396a42c360443a69bb09863e7a9192aec11f9",
    "skills/hermes/references/defi.md": "d3ecdbb16adf5af7f91a9ad1809e6f5fd34e7af7b12924ce9781b1f74c5512f8",
    "skills/hermes/references/monitoring.md": "763816c46e31116d00b24586e25dd4d7c6b5aa1fab6909b086ba55d7aae3dd1b",
    "skills/hermes/references/wallets.md": "ef3935897e124b99c769186965be50709f243389b6488303e1cb05b93663f544",
    "skills/hermes/tests/README.md": "739bec139b4760fb7435e121e9f13167c1a0794a5ba07ba0aef92f0d36b9115b",
    "__init__.py": "f46e211b735b5fab71f87d8551c1a18540e0845238d0c927d42512ca3ba65ddc",
    "hermes-bridge/adapter.py": "6909e6787913c24c5ccbcddabbf353d891c10c4a59871fa2c486bf133bcb5adc",
    "tools/revenue_engine.py": "9817b55d1223081f186046e37dd95a60c71a10e5460fe2f9d5a5a4c25ca96926",
    "tools/repurpose.py": "af2fa0517e38f3a1105ac9c637c5204af44b1980746eca604d7c7d717c17f1c9",
    "tools/alpha_radar.py": "285ddd01b1046b19060840f03de25f58890b1f3ed0abadda126d033f8e1350ab",
    "tools/farm_roi.py": "dfd4503e5b002d3385c49633c59bc2c138f88254e745675417e62c98d7e30e7c",
    "tools/skill_market.py": "aac511d2f0653d44c58957a3f55e891b8dd941bb6918e38b57e16c3892a32890",
    "tools/router_log.py": "bac4dc12562f3a216752acc6469f3651e5aafeddfcd6d1e688da9e2c91d6e1ed",
    "tools/scene_prep.py": "5bb43365d01b00833ad15e4ac756d37168e46ba2bb678f1e7d6860c631ade246",
    "tools/exploit_builder.py": "df49f835b3c210448aee85d52e21a6345593a427ae4c1fcf29f7f9eca30c55a8",
    "tools/hids.py": "1857b07114feecf84c394d659cf61ddea81cd13927fde03760456e3da78ae453",
    "tools/vault.py": "86e589af9004a1f06e7ffd02d57dcf7751091ed910f177cbe7f70b55bb62c1a5",
    "tools/swarm.py": "552122b34f6fe1456a3134e89428f9228f53a2948aa695702d5262d737a74b4f",
    "tools/team_auth.py": "66628fe4e3ad5848ff95163c60237974615477d83cde9fbba667fda64e7b5c12",
    "tools/memory_engine.py": "73d3534fb7ddfc2f5475d7f582d88a55153eed7f889fe182118266a016428fc2",
    "tools/content.py": "e059655e934b80848a31187a69f6bcf73dc6601b63aed1a9dea718aa22b7d513",
    "tools/multimodal.py": "79c9b04b107ad9bea349fd2c91118443185aef0c86f2b410bff84891f4f3fc63",
    "tools/hook_lab.py": "1143afaf3dcaf2206689305f9e4b7228323fdd5ed0dea94a2edf9bfa50d84179",
    "tools/skill_forge.py": "69a60b97958defe6d86b788c874b11dc5d18ed952acb78e083de362308342c72",
    "tools/alerts.py": "ff004888c17c8e9d895fa1abb8ef124f92b7509773ca2c4bc0eb3da76211c485",
    "tools/cost_ledger.py": "d70193f5f616e4260bee3652dc5f8935255b2b96154c1f711e31bde7dbeba764",
    "tools/dryrun.py": "d3ef56315fc6cb388f2f46a159feb002305f4c078944996c6da467036db048cf",
    "tools/watchdog.py": "4373c3e4ee871c39c298ee9cfc965aa6ed3362fc8d119b2012757954917b9bca",
    "tools/e2e_demo.py": "f59c2ad825cd6bbd476e51087988ac56a87d1981bf44807cdfffbac2627bb20b",
    "tools/planner.py": "7e444aee318731fab7e5ceea22d03a208d0127b2629f8f53175da1e09e439180",
    "tools/rugcheck.py": "4389a8fa575c826437e3858d69de5289a8d727faeddd65d6ac19e14fedd365fc",
    "tools/humanizer.py": "61f97fafe4aa7170fe390271063df07c65e1550acbc575215b0075d29cd30c7e",
    "tools/eligibility.py": "55850272ac0cf66d39471577fda0801402a6873b3d7c5d6b835fc1e037a2f4ff",
    "tools/unlock_engine.py": "fbfb47856f45ce2cf6123851b9ec8f9adea068f5524da3c41c7a6e6de0408ce4",
    "tools/revenue_optimizer.py": "7e74e16e3876ee9ffb9430b3ac57b4f411043cbada0ea5c39fefdd4820fdd000",
    "tools/contract_watch.py": "dd68fd1524215350ec5cac3643efeb964cec21cbd59ea2ae1561e6b1f9aa7aef",
    "tools/guide_studio.py": "c8be2c1f669daf34f3a5fecfc9715f67f713130a6a21c78b634fbd2c5cd14723",
    "tools/research_q.py": "7fac1225f6c135c24746a6578bd075c85020ebb4ab83ccc29ea0c74863e13bfb",
    "tools/secret_tripwire.py": "088a772ed766afa8040e524ae0cf292c6834d235842441196d1acd584d7f2006",
    "tools/desktop_control.py": "36e143aaa52179ddb9faebdee045fa0929f150d2bd854c36785ab74b5c3cd29f",
    "tools/hermes_bridge.py": "4987287c5645945f6218c848ef3f14351a5d1ddcb1dd7ed8c9b760d1a1b23355",
    "tools/opsec_checker.py": "f1ec93a85e959d294f178991799d607f897f207496495213fda8057485315fc0",
    "tools/eval.py": "ee7b8a1902c4dde40011bc0b4f72d56d59f42ae32c72f6f0e3a3dbd915c8a3c8",
    "tools/counts.py": "09a5d23960d1ce7b92dcc65088beed7483a499dc99f0e1aacf45dd2ea96c9790",
    "tools/scam_sentinel.py": "bef40ade30f7ab183b651f682cfccc7aa4005c718992b0b53b3eb7ecc7570f92",
    "tools/model_registry.py": "46f013b718f7fc174b188e67cf8746e872ee343441a673523da1a855e1145063",
    "tools/voice.py": "f893a37659d6e48189215a3898b4318a955a1a7414f54ba7c0b131c5aa8e8052",
    "tools/treasury.py": "0d96b745269764ef4ad3e1e2f29a4b48e8650939c3e6515452e12193f5b9e351",
    "tools/triage.py": "4d2285ae0f7052ccbbc0a6d77df67e9df7cac4478f672b4ec99fb25ee76b518a",
    "tools/mcp_builder.py": "c9584fbdf79e1bfff4e15a160290abf491c9fa449e06de736d6262763b53d098",
    "tools/gateway_manager.py": "7a3ec85bc529645af725f8b85331c7c5c4ed7070c6762f22d9fe695c17a69869",
    "tools/team_routing.py": "65257b325cf35bcd3bb7e6f4e5687633b16b2b2d20d381ff6f75d91a1a7ea1b1",
    "tools/claim_watcher.py": "ae589839cc50a464564f2e3e53d2a2dee6c303308de93025cbfe3f7867a4200d",
    "tools/api_harvester.py": "676f51ec955473e4ce26bbdc6d460abb45be20908e96009637312682be56d09a",
    "tools/community_intel.py": "38012d701a04caf9f21d8237f36f72112654ab8da436ffb80e5b036b55a47387",
    "tools/reflection.py": "e3cd5b3a08ac02c293ae0422acf3dde5a74216003cecee61598ccedd6c8b45c2",
    "tools/briefing.py": "2433562ab4607e19bc786284e46c6174d37d2e499173037aab603c35afcef041",
    "tools/backtest.py": "041860d5718765fb3a60ea16b8ffc41a676bb11d48524cd0336554e1f52de32c",
    "tools/skill_integrity.py": "46d13f888be3e951221c5edc09f2e20eb36e525bac6a51a3af6614b568092014",
    "tools/dashboard.py": "d5f9b61189421f9d591676db6672aa822e058449a8713870050fa88901310d5f",
    "tools/prd.py": "86e1c732511b4252b3a27161b028ac39e43ba7a1cea5d3c362b3ab05705f3555",
    "tools/automation.py": "631c5cbc7a198072c18f11721fea20f3f77eeb43637d2c082df16da093d74ff3",
    "tools/ctf.py": "70d9fd1e92d83fe5dff6cbb676f28a5ce362153803e9720996a447fbc529e2ae",
    "tools/__init__.py": "d03b0ce6b0d5c7c63cb8d2f028e20ab6592f39cb65d35463f6fa4c39361fb141",
    "tools/video_pipeline.py": "f88c3549c340c01888014e72a0ca2b7e28d117985ec8855d4b87cce93624118d",
    "tools/exit_planner.py": "03ec1e3cd6e7ce05fc959aad44eb037259f32c650cec861792d4506f15118d74",
    "tools/explain.py": "f07554882c5671ec6ae4839931f0524b700517cba7a11aba0150862b5b891203",
    "tools/sybil_audit.py": "cb3cae40ae9078a3c1eda4e08dc922bbff3f0e29606c4d3bda5bb1aa137abfde",
    "tools/cli.py": "6767c24f6e67b18ea31068713c5353ec548bb8944baa00c8931a78a296a49475",
    "tools/ctf/gandalf_solver.py": "fda1fb2a4e384b72c7ef97d8918c598a3d4d624bf76f4e86f5d81a6c00e6fee6",
    "tools/ctf/flag_validator.py": "a65a1199e47f32ac14dbaac53c68a583e7fb8cbc5de0c63569e1e74f20767a9e",
    "tools/ctf/scope_guard.py": "b601988cd22ccd33ab039af4236a5817b19b2078a47a8e89f2935acd37a39003",
    "tools/ctf/rsa_attacks.py": "4a499ad098daaa044ef21244fcf5a739d305dd744eb1855576d0bcb7b726332f",
    "tools/ctf/run.py": "0bbac20c5fc0ee5cc8f0e4588eaf5f5610f66f35b0cc5d4f36d1754edcb7d0fb",
    "tools/tests/test_secret_tripwire.py": "5bc6bd8a8cb0da71b480b8ffa04fd8aca2cb1736a49381910d14140471bc364f",
    "tools/tests/test_farm_roi.py": "7531f292c59476d81865592c387b2444d70d674256ca9f421fa85b6914392de4",
    "tools/tests/test_revenue_engine.py": "3c895938203e993432e3a77a52eb9dfd2b779f987e474a385b56afd3fad263d9",
    "tools/tests/test_eligibility.py": "4fd65fd3b1081f3b3ff4de2ced398585c4647351899e3089a7774f46b79ae9f8",
    "tools/tests/test_contract_watch.py": "0b0b114ad2511b054dd6b0dfdadf94c067e6649488304cdca9a948cdafe87118",
    "tools/tests/test_dryrun.py": "8b275bdeb8f06d2b21b706f97282f79b437a3e127cb94f1678b571b2a93bba5b",
    "tools/tests/test_rugcheck.py": "737f9a8ec9bd82dbd01840e82a48e6604747ef7dcb892f7f6a848063c1292d10",
    "tools/tests/test_treasury.py": "1b2e959fbc891f0887df2746254100183c6a10d6e46a4a46ae59406affb874ea",
    "tools/tests/test_unlock_engine.py": "f3d55260f53dab7f021f1f62cfca907377d47b2ed6a2b5e07621f8567f860f36",
    "tools/tests/test_video_pipeline.py": "c63c59086fb9e1203bf66d1234e8985220053db8db2437156234e52456cd47c7",
    "tools/tests/test_claim_watcher.py": "9e11efcf86b8e5e3a0f8c1c2bcd4f525faeba72bd3e7d6b878e2785ca6657fd3",
    "tools/tests/test_guide_studio.py": "fff584f367e773144b4e2961c4db85c8aa33392a9d9c119fb8c0c58a75afac99",
    "tools/tests/test_exit_planner.py": "3ab3c11021d9027bc3853a8ec40ea506bed21aaf207e3f3dbe3469031f05eb68",
    "tools/tests/test_cost_ledger.py": "7bdd3af41f2ea8e03b14ae268df8e09d7fa0c0fbd539bf7fde33bff9c821e2b5",
    "tools/tests/test_hook_lab.py": "0f65c223a3e3546d58e5867d39bf67994dfe75fb6eec220f925e0f9fda05d3d2",
    "tools/tests/test_ctf.py": "b9b0b755f4974971fd2b0a1d6ef5a16fee7cad5a1a3d9c1338712753ce966787",
    "tools/tests/test_team_routing.py": "28a7c320703188f4c9313bca0b53cd60bbd295e3b9b890523c6d4398f709691b",
    "tools/tests/test_api_harvester.py": "5143e6876fc22e551f3d02740bab304f9d28a84950f0e9e8e4515b9ad0f7ce39",
    "tools/tests/test_scam_sentinel.py": "927f68dca71c907ea40d94363fb042f22a0e7537989dbae91ad4a016f8f85fcb",
    "tools/tests/test_repurpose.py": "e95c36ddf27ed9a8427ad20a42e3ff1331879eb23260c890a01d937c1ad3db62",
    "tools/tests/test_router_log.py": "498f538fb3d453f8e611c0f8b314020ad7d124802c6f0d78acc0c4f0bece8438",
    "tools/tests/test_alpha_radar.py": "3a77fff1429ba5804f4d522c57be3e45e5d0665c2490e611edef90b8c95f5bf6",
    "tools/tests/test_eval_regression.py": "d8eb28e1d3bcd44fe23bacdae1ba054817c6eb6a261a755bf293e44d0a21acf1",
    "tools/tests/test_community_intel.py": "3eea3f903d5a80ef8ba336b5edb97253a6c746ee20e4207021d68b5bb7fffaf4",
    "tools/tests/test_sybil_audit.py": "b9284c2e756dfc925559b9f29593e6f2ac55977d5a753faaa569cff80c45a42e",
    "tools/tests/test_ctf_swarm.py": "142147600f326eafdfd50412c8d8c498e2ae3ab3a1067f7de659c316b210eed7",
    "tools/ctf/templates/angr_solver_template.py": "8e2367fbb3a61e6f4735a861b540f5fcfa74a2b5c288372ddbc00870298f5707",
    "tools/ctf/templates/pwn_template.py": "4c4080584842c3380155d0e5b977d188561a77fe946e3969129446d3035dd3f2",
    "tools/ctf/coordinator/sandbox.py": "14d072c453a9a4c1ec0df406298e4a44d9dfabd5d9807b9b16f7ca16b5ca48b1",
    "tools/ctf/coordinator/swarm.py": "eb044280bea7224766a91a8924bac73b1cfbdfe8a5a5e0e23385c04680fb8c26",
    "tools/ctf/coordinator/solver.py": "4b2e5edb87e1862b85dde3bf26ed83353f565ebf6b9c71246350d6e1f9b1df8d",
    "tools/ctf/coordinator/coordinator.py": "47b6ca46c12d2d68fad2c7f17545ba1c30a4caf3ba09e05106db41c6d818d591",
    "tools/ctf/coordinator/config.py": "32e1c6731f6ae65888a15bc3a78ad6ef6378f5137b91b8112f28c05aef50e24b",
    "tools/ctf/coordinator/state.py": "0b4757f7ff360ae92202396c924d1022540d0346988693c19e20971e7dbdf139",
    "tools/ctf/coordinator/llm.py": "f812b430d832e3f5b18dba756ac886b75268b9aa5f19255010cf4e2ba6053ab8",
    "tools/ctf/coordinator/__init__.py": "4a7e492e8ab7cb3fd9ca666d759ef85d3d9ed2825f00de113617b860d932dc63",
    "tools/ctf/coordinator/ctfd_client.py": "b35be8e9500d191f589c4b984b3a561f3dc62594e10c80461d2f6ac965c141c8",
    "skills/hermes/scripts/wallet_manager.py": "d0f271336dd73f7c1fef38085d8f3f7f488af756ac56fde79f4a287589aa14f8",
    "skills/hermes/scripts/browser_engine.py": "ccd20a4ba97f646101daaa45e238a0a998638212717d467d55029de49c1ea000",
    "skills/hermes/scripts/airdrop_runner.py": "61c32b9cd64ce1dee161a69c057b99543039728d07c93fcbb3f5219c87f3c400",
    "skills/hermes/scripts/bridge_engine.py": "6bd44d7f19a3fbf593bb79ba302cb683f2b6a94729c2eb776e8ba42bfde70a27",
    "skills/hermes/scripts/deploy_engine.py": "94ad0184a5b781bfe7424072c686732cb83c23336fb3fb941c9fb26c626fb21f",
    "skills/hermes/scripts/nft_engine.py": "1f5bd5f2bb73d5db26a941c0b224c169070bfbc3f98d4e7dfa99859b21e7e27e",
    "skills/hermes/scripts/web3_connect.py": "99ec8bbe385b7b989b1a7b3b889f78f876e7f06cedf8fe8e2f807181e778a7ec",
    "skills/hermes/scripts/monitoring_advanced.py": "7c4098f7ed7da6f0ca69d70abaa67ddbf8a53dbea7a4461eb24694d28916cab6",
    "skills/hermes/scripts/mev.py": "53f1aa3b8a17756989c1ba1e91b07bbaac6f3f4122a53bd70fee87aec0bea72f",
    "skills/hermes/scripts/contract_writer.py": "1ffd21ed5643a2e3b045cee83bb35920003478f594faf54472282d8b1c367235",
    "skills/hermes/scripts/contract_reader.py": "b195eb4d8ccf646b4ac70d69f8a8192fe99c0915775aedc33bc47d526d9fbbd0",
    "skills/hermes/scripts/monitoring.py": "400ee24b3e294b15323ea314cec3ffdd6c8a85f058f8772806b74ca0d968f1bb",
    "skills/hermes/scripts/swap_engine.py": "fd930792059cdf5d3039895ca499b1db8cdc57d5adf853b360aef1cb55dbc16a",
    "skills/hermes/scripts/governor.py": "92fed12d21504b245eb47450af6d01117f45fc3bed2d54e1d6b0e60bb45ec7fb",
    "skills/hermes/tests/_bootstrap.py": "5e3597bdfd05f172d66268398bdd3c87fe94770696f0fc1136693f3c9546a267",
    "skills/hermes/tests/test_monitoring.py": "60be1b0f8600333fa81d33708f42affe36b695a80554b31d4c3592f2ef77631d",
    "skills/hermes/tests/test_airdrop_runner.py": "8ca61c42edd2b9dd52964cc20e383177646f0ef5512d190b3a5d3312425bb9ba",
    "skills/hermes/tests/test_nft_engine.py": "42de6d52e67f8f41228c86433a64d760b47a43a1c72769c0d58d9aacd8412cb0",
    "skills/hermes/tests/test_governor.py": "bc59f75ec56d96569abc21731c2763570b1bb33a417e252dc71411f2a2eaacbb",
    "skills/hermes/tests/test_bridge_engine.py": "accfa7aa2e3cd1e2370c39b8781c821ba83d410f2cb00495295a0c6f5faa123f",
    "skills/hermes/tests/test_monitoring_advanced.py": "14d3a4faa65fbda6eb757da7a9eb4c65c759a1fae14e2a6db3ab013d904a6d61",
    "skills/hermes/tests/test_swap_engine.py": "ea5d314e571a6752ec7c94ad894a6c3fe0f20b671f6dccf2daadacb503c609d6",
    "skills/hermes/tests/test_web3_connect.py": "b040f71327a1e8f12fd2efebc5ffb70a75a1f13adb1c23e87ec7e6ba46a3585e",
    "tools/tests/run_tests.sh": "01c3b1b08cb15f4e4063eb5ad4b952e7af74ddb405f1e1bea2e067585697516c",
    "skills/hermes/tests/run_tests.sh": "8a0e65c257708af2c62dfab9bc91b1e6f9a3b5bc4d52246e509005f75c0c3918",
    "pyproject.toml": "147bd6b6967ec487eb983af9f6e92ba48fe6d88caa6bb32b09a2848f9b5504ad",
    "skills/hermes/pyproject.toml": "53548acdfe4e19c75662c9f848048e633f75a81e953e131fc2194e111a5fca04",
    "tools/ctf/requirements.txt": "a6515689c175ee2da4fefe20a2189f2c2c19d6bffdccad0c0a4977a5c1a5a7bb",
    "skills/hermes/requirements-dev.txt": "8f8c3c59b3dfbd75b1b3b2d4e2a0c065637fe6678ca8770e6f90794b4b8e6382",
    "tools/ctf/scope.example.json": "a358b8d0093b5f116ad000a17dd29fca28e6bea3c861285daca7e744117408ea",
    "SKILLS.lock": "a1f67cace1b4bc3a90e5ac043fd867d8b3818f5d5dece09128eb7c51f81f1326",
    ".env.example": "16f07b7d2c9d64b04893fb14a5c848abda5dc77c74f240ec7c388b0734954082",
    "tools/ctf/.env.example": "693f458b6eeb079a8b3a7a6208a1c13a5f20ec42f3517cfafe50e266ee376b49"
  },
  "manifest_sha256": "d0a7f9d54b93a62a66fefcbbcf52a331922af1117a0649f6227998ff38a6c640"
}